{
  "version": 4,
  "terraform_version": "1.14.0",
  "serial": 23,
  "lineage": "18ee71cf-d0ba-d338-2f5b-dcb89027acae",
  "outputs": {
    "cluster_name": {
      "value": "gke-autopilot",
      "type": "string"
    }
  },
  "resources": [
    {
      "mode": "managed",
      "type": "google_artifact_registry_repository",
      "name": "docker",
      "provider": "provider[\"registry.terraform.io/hashicorp/google\"]",
      "instances": [
        {
          "schema_version": 0,
          "attributes": {
            "cleanup_policies": [],
            "cleanup_policy_dry_run": false,
            "create_time": "2025-12-15T09:55:08.403070Z",
            "description": "",
            "docker_config": [],
            "effective_labels": {
              "goog-terraform-provisioned": "true"
            },
            "format": "DOCKER",
            "id": "projects/tp-final-gke-martin/locations/europe-west1/repositories/app-repo",
            "kms_key_name": "",
            "labels": {},
            "location": "europe-west1",
            "maven_config": [],
            "mode": "STANDARD_REPOSITORY",
            "name": "app-repo",
            "project": "tp-final-gke-martin",
            "registry_uri": "europe-west1-docker.pkg.dev/tp-final-gke-martin/app-repo",
            "remote_repository_config": [],
            "repository_id": "app-repo",
            "terraform_labels": {
              "goog-terraform-provisioned": "true"
            },
            "timeouts": null,
            "update_time": "2025-12-15T09:55:08.403070Z",
            "virtual_repository_config": [],
            "vulnerability_scanning_config": [
              {
                "enablement_config": "",
                "enablement_state": "SCANNING_DISABLED",
                "enablement_state_reason": "API containerscanning.googleapis.com is not enabled."
              }
            ]
          },
          "sensitive_attributes": [],
          "identity_schema_version": 0,
          "private": "eyJlMmJmYjczMC1lY2FhLTExZTYtOGY4OC0zNDM2M2JjN2M0YzAiOnsiY3JlYXRlIjoxMjAwMDAwMDAwMDAwLCJkZWxldGUiOjEyMDAwMDAwMDAwMDAsInVwZGF0ZSI6MTIwMDAwMDAwMDAwMH19"
        }
      ]
    },
    {
      "mode": "managed",
      "type": "google_container_cluster",
      "name": "primary",
      "provider": "provider[\"registry.terraform.io/hashicorp/google\"]",
      "instances": [
        {
          "schema_version": 2,
          "attributes": {
            "addons_config": [
              {
                "cloudrun_config": [],
                "config_connector_config": [],
                "dns_cache_config": [
                  {
                    "enabled": true
                  }
                ],
                "gce_persistent_disk_csi_driver_config": [
                  {
                    "enabled": true
                  }
                ],
                "gcp_filestore_csi_driver_config": [
                  {
                    "enabled": true
                  }
                ],
                "gcs_fuse_csi_driver_config": [
                  {
                    "enabled": true
                  }
                ],
                "gke_backup_agent_config": [],
                "horizontal_pod_autoscaling": [],
                "http_load_balancing": [],
                "lustre_csi_driver_config": [],
                "network_policy_config": [
                  {
                    "disabled": true
                  }
                ],
                "parallelstore_csi_driver_config": [
                  {
                    "enabled": true
                  }
                ],
                "ray_operator_config": [],
                "stateful_ha_config": [
                  {
                    "enabled": true
                  }
                ]
              }
            ],
            "allow_net_admin": null,
            "anonymous_authentication_config": [
              {
                "mode": "ENABLED"
              }
            ],
            "authenticator_groups_config": [],
            "binary_authorization": [
              {
                "enabled": false,
                "evaluation_mode": ""
              }
            ],
            "cluster_autoscaling": [
              {
                "auto_provisioning_defaults": [
                  {
                    "boot_disk_kms_key": "",
                    "disk_size": 0,
                    "disk_type": "",
                    "image_type": "COS_CONTAINERD",
                    "management": [
                      {
                        "auto_repair": true,
                        "auto_upgrade": true,
                        "upgrade_options": []
                      }
                    ],
                    "min_cpu_platform": "",
                    "oauth_scopes": [
                      "https://www.googleapis.com/auth/devstorage.read_only",
                      "https://www.googleapis.com/auth/logging.write",
                      "https://www.googleapis.com/auth/monitoring",
                      "https://www.googleapis.com/auth/service.management.readonly",
                      "https://www.googleapis.com/auth/servicecontrol",
                      "https://www.googleapis.com/auth/trace.append"
                    ],
                    "service_account": "default",
                    "shielded_instance_config": [],
                    "upgrade_settings": [
                      {
                        "blue_green_settings": [],
                        "max_surge": 1,
                        "max_unavailable": 0,
                        "strategy": "SURGE"
                      }
                    ]
                  }
                ],
                "auto_provisioning_locations": [],
                "autoscaling_profile": "OPTIMIZE_UTILIZATION",
                "default_compute_class_enabled": false,
                "enabled": true,
                "resource_limits": [
                  {
                    "maximum": 1000000000,
                    "minimum": 0,
                    "resource_type": "cpu"
                  },
                  {
                    "maximum": 1000000000,
                    "minimum": 0,
                    "resource_type": "memory"
                  },
                  {
                    "maximum": 1000000000,
                    "minimum": 0,
                    "resource_type": "nvidia-tesla-t4"
                  },
                  {
                    "maximum": 1000000000,
                    "minimum": 0,
                    "resource_type": "nvidia-tesla-a100"
                  }
                ]
              }
            ],
            "cluster_ipv4_cidr": "10.57.0.0/17",
            "confidential_nodes": [],
            "control_plane_endpoints_config": [
              {
                "dns_endpoint_config": [
                  {
                    "allow_external_traffic": false,
                    "enable_k8s_certs_via_dns": false,
                    "enable_k8s_tokens_via_dns": false,
                    "endpoint": "gke-afd1f622345a418f94828d142bf9e9e967c1-683176688160.europe-west1.gke.goog"
                  }
                ],
                "ip_endpoints_config": [
                  {
                    "enabled": true
                  }
                ]
              }
            ],
            "cost_management_config": [],
            "database_encryption": [
              {
                "key_name": "",
                "state": "DECRYPTED"
              }
            ],
            "datapath_provider": "ADVANCED_DATAPATH",
            "default_max_pods_per_node": 110,
            "default_snat_status": [
              {
                "disabled": false
              }
            ],
            "deletion_protection": true,
            "description": "",
            "disable_l4_lb_firewall_reconciliation": false,
            "dns_config": [
              {
                "additive_vpc_scope_dns_domain": "",
                "cluster_dns": "CLOUD_DNS",
                "cluster_dns_domain": "cluster.local",
                "cluster_dns_scope": "CLUSTER_SCOPE"
              }
            ],
            "effective_labels": {
              "goog-terraform-provisioned": "true"
            },
            "enable_autopilot": true,
            "enable_cilium_clusterwide_network_policy": false,
            "enable_fqdn_network_policy": false,
            "enable_intranode_visibility": true,
            "enable_k8s_beta_apis": [],
            "enable_kubernetes_alpha": false,
            "enable_l4_ilb_subsetting": false,
            "enable_legacy_abac": false,
            "enable_multi_networking": false,
            "enable_shielded_nodes": true,
            "enable_tpu": false,
            "endpoint": "35.205.245.178",
            "enterprise_config": [
              {
                "cluster_tier": "STANDARD",
                "desired_tier": ""
              }
            ],
            "fleet": [],
            "gateway_api_config": [
              {
                "channel": "CHANNEL_STANDARD"
              }
            ],
            "gke_auto_upgrade_config": [],
            "id": "projects/tp-final-gke-martin/locations/europe-west1/clusters/gke-autopilot",
            "identity_service_config": [],
            "in_transit_encryption_config": "",
            "initial_node_count": 0,
            "ip_allocation_policy": [
              {
                "additional_ip_ranges_config": [],
                "additional_pod_ranges_config": [],
                "auto_ipam_config": [],
                "cluster_ipv4_cidr_block": "10.57.0.0/17",
                "cluster_secondary_range_name": "gke-gke-autopilot-pods-afd1f622",
                "network_tier_config": [
                  {
                    "network_tier": "NETWORK_TIER_DEFAULT"
                  }
                ],
                "pod_cidr_overprovision_config": [
                  {
                    "disabled": false
                  }
                ],
                "services_ipv4_cidr_block": "34.118.224.0/20",
                "services_secondary_range_name": "",
                "stack_type": "IPV4"
              }
            ],
            "label_fingerprint": "78cdf2f6",
            "location": "europe-west1",
            "logging_config": [
              {
                "enable_components": [
                  "SYSTEM_COMPONENTS",
                  "WORKLOADS"
                ]
              }
            ],
            "logging_service": "logging.googleapis.com/kubernetes",
            "maintenance_policy": [],
            "master_auth": [
              {
                "client_certificate": "",
                "client_certificate_config": [
                  {
                    "issue_client_certificate": false
                  }
                ],
                "client_key": "",
                "cluster_ca_certificate": "LS0tLS1CRUdJTiBDRVJUSUZJQ0FURS0tLS0tCk1JSUVMVENDQXBXZ0F3SUJBZ0lSQUthemJDeGc3YUVUY1BvMHBBemh4RWN3RFFZSktvWklodmNOQVFFTEJRQXcKTHpFdE1Dc0dBMVVFQXhNa05XVm1aR0ZoTTJVdFlXVXhOQzAwTkdabUxUazNNamd0WTJJME5UZzJZalJoWXpWawpNQ0FYRFRJMU1USXhOVEE0TlRVd09Wb1lEekl3TlRVeE1qQTRNRGsxTlRBNVdqQXZNUzB3S3dZRFZRUURFeVExClpXWmtZV0V6WlMxaFpURTBMVFEwWm1ZdE9UY3lPQzFqWWpRMU9EWmlOR0ZqTldRd2dnR2lNQTBHQ1NxR1NJYjMKRFFFQkFRVUFBNElCandBd2dnR0tBb0lCZ1FERmZDSUJFT1hRZ0dtNEtGV3MvYkU5bEplOTYzYWNQWW9wejZyaApUSHE3Y3g0QS9jdElBY3dPT0lvWGdKT3krQS94NE42U3hsMTRNaXpueDA0dFUxblZmNDdXVEVQVitUYmhZbmJVCnM0cTEwVDd6b2gvNTNuNDJLYWFQbkZ6eGRKWWQ2UmE1VGFnRUg2TnRJWERFa2VOWDNZV2kxNTFEYzRML25CZ3IKa3R4SGxOUWdCUjUxeWJyZWJJVDgvbmFmVnE5d2pqdVd2cVFqT3FSb2lMVDIrZ3RUbm1aUVRTbHBxcE5oa1ZMRwpEOHpTUTJieGYrUUJtaUhvUldJYTRFUnVYdVJBNFE4ZXQ1eHNuSUNsM25iUDBBVUsvaC9HRkM3ODgrUlhralFRCjNpTHlBUzVwN1JtdExkajhiQWN5SjNqYU1qMUl1S25VVkRMcHdnay9nL3JhbXlOTE9RSDF1ODFiRGdVbmh3NC8KRWVRZFRNS24xdS9CV25xQXN4TXF6TDQ5TE93NW1wMXg3VytvNEM5Y0JpeHhFK05uYTRiUzJSSnN0bWgzTFdDaQp4alVnaVBPNUZJSGl0QXlJQW1Dd3VrbmYxckpXWTFiZ3grSCtaZ2Q5TW5mWjlMeDBFNkJ4V3Z2RDY2VSsvbGFECmVTTThvR29mbWpUTXBTajdFYm1KK0llZzYzMENBd0VBQWFOQ01FQXdEZ1lEVlIwUEFRSC9CQVFEQWdJRU1BOEcKQTFVZEV3RUIvd1FGTUFNQkFmOHdIUVlEVlIwT0JCWUVGQmVJYzVQb1BnM0h2WjdGRHRPeG1SaVZPOEJHTUEwRwpDU3FHU0liM0RRRUJDd1VBQTRJQmdRQk15K1dvSWVUSjJRV0ZneUV0TVNMeEs3bFBKQ2ppR0NQN1Qxc01EMzhBCnhWZG8xQ2xNbm5jRTRtdzNsTVdIYnovYjExL1BvbUJXS0t4Y2VnZjlqVk1PTndXRmcxOTRleUdUNWtxNklxaVEKeUIzWTlCWEhMd2FwUWs3c0tXbGVwaDRUVXNpQ2VvTFFUSDBMSGxGajMyUWFqdVNyZmw4UldFWnJraDAvWnlQdQpEVmx3Q0lSL0k5NDhqdFpUdEhIQ3gwQy9ORlFiUXFkem4vTStBamlGdkRmZkN5am1vS0them95RVJNaDl3K2g5CjVhNncrYjY3eHJlM25qWXRRNWdJSndBamZxRWpqVHhvNVRUTVZLanJKcEJGc2FtbnpUTGlpb25BVDVGRWhtdWIKWGxwVG5sQjdoWkE2eDMyUzY5WWZCZ09sYk9ScUhaT00rWlhLeDhOMmFldGV5MzZIcUVBLzVhK3UvU2FyOUM5WgpZMXFBRmYrZ3kzQnJzdCtwS0lKZWZ4djFjRGsyMTlOVFVlYVRXbTBlZ0RwWjNlV2hBU05VSjdzK0ZRRWxyT052CjVlNjg2YlptcnZBTUd5QjRHK1BjbmhDMTlpOG4rWDgrVzB2aG8zbXVOR3ZFaThRd3l4blBFNWFab1FVRHJ5WkUKSk9LcFcrTTQ2YVNhajQ1eGhhYnE0VTA9Ci0tLS0tRU5EIENFUlRJRklDQVRFLS0tLS0K"
              }
            ],
            "master_authorized_networks_config": [],
            "master_version": "1.33.5-gke.1308000",
            "mesh_certificates": [],
            "min_master_version": null,
            "monitoring_config": [
              {
                "advanced_datapath_observability_config": [
                  {
                    "enable_metrics": true,
                    "enable_relay": false
                  }
                ],
                "enable_components": [
                  "SYSTEM_COMPONENTS",
                  "DEPLOYMENT",
                  "STATEFULSET",
                  "JOBSET",
                  "STORAGE",
                  "HPA",
                  "POD",
                  "DAEMONSET",
                  "CADVISOR",
                  "KUBELET",
                  "DCGM"
                ],
                "managed_prometheus": [
                  {
                    "auto_monitoring_config": [],
                    "enabled": true
                  }
                ]
              }
            ],
            "monitoring_service": "monitoring.googleapis.com/kubernetes",
            "name": "gke-autopilot",
            "network": "projects/tp-final-gke-martin/global/networks/default",
            "network_performance_config": [],
            "network_policy": [
              {
                "enabled": false,
                "provider": "PROVIDER_UNSPECIFIED"
              }
            ],
            "networking_mode": "VPC_NATIVE",
            "node_config": [
              {
                "advanced_machine_features": [],
                "boot_disk": [
                  {
                    "disk_type": "pd-balanced",
                    "provisioned_iops": 0,
                    "provisioned_throughput": 0,
                    "size_gb": 100
                  }
                ],
                "boot_disk_kms_key": "",
                "confidential_nodes": [],
                "containerd_config": [],
                "disk_size_gb": 100,
                "disk_type": "pd-balanced",
                "effective_taints": [
                  {
                    "effect": "NO_SCHEDULE",
                    "key": "cloud.google.com/gke-quick-remove",
                    "value": "true"
                  }
                ],
                "enable_confidential_storage": false,
                "ephemeral_storage_local_ssd_config": [],
                "fast_socket": [],
                "flex_start": false,
                "gcfs_config": [],
                "guest_accelerator": [],
                "gvnic": [
                  {
                    "enabled": true
                  }
                ],
                "host_maintenance_policy": [],
                "image_type": "COS_CONTAINERD",
                "kubelet_config": [
                  {
                    "allowed_unsafe_sysctls": [],
                    "container_log_max_files": 0,
                    "container_log_max_size": "",
                    "cpu_cfs_quota": false,
                    "cpu_cfs_quota_period": "",
                    "cpu_manager_policy": "",
                    "eviction_max_pod_grace_period_seconds": 0,
                    "eviction_minimum_reclaim": [],
                    "eviction_soft": [],
                    "eviction_soft_grace_period": [],
                    "image_gc_high_threshold_percent": 0,
                    "image_gc_low_threshold_percent": 0,
                    "image_maximum_gc_age": "",
                    "image_minimum_gc_age": "",
                    "insecure_kubelet_readonly_port_enabled": "FALSE",
                    "max_parallel_image_pulls": 2,
                    "memory_manager": [],
                    "pod_pids_limit": 0,
                    "single_process_oom_kill": false,
                    "topology_manager": []
                  }
                ],
                "labels": {},
                "linux_node_config": [],
                "local_nvme_ssd_block_config": [],
                "local_ssd_count": 0,
                "local_ssd_encryption_mode": "",
                "logging_variant": "DEFAULT",
                "machine_type": "ek-standard-8",
                "max_run_duration": "",
                "metadata": {
                  "disable-legacy-endpoints": "true"
                },
                "min_cpu_platform": "",
                "node_group": "",
                "oauth_scopes": [
                  "https://www.googleapis.com/auth/devstorage.read_only",
                  "https://www.googleapis.com/auth/logging.write",
                  "https://www.googleapis.com/auth/monitoring",
                  "https://www.googleapis.com/auth/service.management.readonly",
                  "https://www.googleapis.com/auth/servicecontrol",
                  "https://www.googleapis.com/auth/trace.append"
                ],
                "preemptible": false,
                "reservation_affinity": [
                  {
                    "consume_reservation_type": "NO_RESERVATION",
                    "key": "",
                    "values": []
                  }
                ],
                "resource_labels": {
                  "goog-gke-node-pool-provisioning-model": "on-demand"
                },
                "resource_manager_tags": {},
                "secondary_boot_disks": [],
                "service_account": "default",
                "shielded_instance_config": [
                  {
                    "enable_integrity_monitoring": true,
                    "enable_secure_boot": true
                  }
                ],
                "sole_tenant_config": [],
                "spot": false,
                "storage_pools": [],
                "tags": [],
                "taint": [],
                "windows_node_config": [
                  {
                    "osversion": ""
                  }
                ],
                "workload_metadata_config": [
                  {
                    "mode": "GKE_METADATA"
                  }
                ]
              }
            ],
            "node_locations": [
              "europe-west1-b",
              "europe-west1-c",
              "europe-west1-d"
            ],
            "node_pool": [
              {
                "autoscaling": [
                  {
                    "location_policy": "BALANCED",
                    "max_node_count": 1000,
                    "min_node_count": 0,
                    "total_max_node_count": 0,
                    "total_min_node_count": 0
                  }
                ],
                "initial_node_count": 1,
                "instance_group_urls": [],
                "managed_instance_group_urls": [],
                "management": [
                  {
                    "auto_repair": true,
                    "auto_upgrade": true
                  }
                ],
                "max_pods_per_node": 32,
                "name": "default-pool",
                "name_prefix": "",
                "network_config": [
                  {
                    "additional_node_network_configs": [],
                    "additional_pod_network_configs": [],
                    "create_pod_range": false,
                    "enable_private_nodes": false,
                    "network_performance_config": [],
                    "pod_cidr_overprovision_config": [],
                    "pod_ipv4_cidr_block": "10.57.0.0/17",
                    "pod_range": "gke-gke-autopilot-pods-afd1f622",
                    "subnetwork": "projects/tp-final-gke-martin/regions/europe-west1/subnetworks/default"
                  }
                ],
                "node_config": [
                  {
                    "advanced_machine_features": [],
                    "boot_disk": [
                      {
                        "disk_type": "pd-balanced",
                        "provisioned_iops": 0,
                        "provisioned_throughput": 0,
                        "size_gb": 100
                      }
                    ],
                    "boot_disk_kms_key": "",
                    "confidential_nodes": [],
                    "containerd_config": [],
                    "disk_size_gb": 100,
                    "disk_type": "pd-balanced",
                    "effective_taints": [
                      {
                        "effect": "NO_SCHEDULE",
                        "key": "cloud.google.com/gke-quick-remove",
                        "value": "true"
                      }
                    ],
                    "enable_confidential_storage": false,
                    "ephemeral_storage_local_ssd_config": [],
                    "fast_socket": [],
                    "flex_start": false,
                    "gcfs_config": [],
                    "guest_accelerator": [],
                    "gvnic": [
                      {
                        "enabled": true
                      }
                    ],
                    "host_maintenance_policy": [],
                    "image_type": "COS_CONTAINERD",
                    "kubelet_config": [
                      {
                        "allowed_unsafe_sysctls": [],
                        "container_log_max_files": 0,
                        "container_log_max_size": "",
                        "cpu_cfs_quota": false,
                        "cpu_cfs_quota_period": "",
                        "cpu_manager_policy": "",
                        "eviction_max_pod_grace_period_seconds": 0,
                        "eviction_minimum_reclaim": [],
                        "eviction_soft": [],
                        "eviction_soft_grace_period": [],
                        "image_gc_high_threshold_percent": 0,
                        "image_gc_low_threshold_percent": 0,
                        "image_maximum_gc_age": "",
                        "image_minimum_gc_age": "",
                        "insecure_kubelet_readonly_port_enabled": "FALSE",
                        "max_parallel_image_pulls": 2,
                        "memory_manager": [],
                        "pod_pids_limit": 0,
                        "single_process_oom_kill": false,
                        "topology_manager": []
                      }
                    ],
                    "labels": {},
                    "linux_node_config": [],
                    "local_nvme_ssd_block_config": [],
                    "local_ssd_count": 0,
                    "local_ssd_encryption_mode": "",
                    "logging_variant": "DEFAULT",
                    "machine_type": "ek-standard-8",
                    "max_run_duration": "",
                    "metadata": {
                      "disable-legacy-endpoints": "true"
                    },
                    "min_cpu_platform": "",
                    "node_group": "",
                    "oauth_scopes": [
                      "https://www.googleapis.com/auth/devstorage.read_only",
                      "https://www.googleapis.com/auth/logging.write",
                      "https://www.googleapis.com/auth/monitoring",
                      "https://www.googleapis.com/auth/service.management.readonly",
                      "https://www.googleapis.com/auth/servicecontrol",
                      "https://www.googleapis.com/auth/trace.append"
                    ],
                    "preemptible": false,
                    "reservation_affinity": [
                      {
                        "consume_reservation_type": "NO_RESERVATION",
                        "key": "",
                        "values": []
                      }
                    ],
                    "resource_labels": {
                      "goog-gke-node-pool-provisioning-model": "on-demand"
                    },
                    "resource_manager_tags": {},
                    "secondary_boot_disks": [],
                    "service_account": "default",
                    "shielded_instance_config": [
                      {
                        "enable_integrity_monitoring": true,
                        "enable_secure_boot": true
                      }
                    ],
                    "sole_tenant_config": [],
                    "spot": false,
                    "storage_pools": [],
                    "tags": [],
                    "taint": [],
                    "windows_node_config": [
                      {
                        "osversion": ""
                      }
                    ],
                    "workload_metadata_config": [
                      {
                        "mode": "GKE_METADATA"
                      }
                    ]
                  }
                ],
                "node_count": 0,
                "node_locations": [
                  "europe-west1-d"
                ],
                "placement_policy": [],
                "queued_provisioning": [],
                "upgrade_settings": [
                  {
                    "blue_green_settings": [],
                    "max_surge": 1,
                    "max_unavailable": 0,
                    "strategy": "SURGE"
                  }
                ],
                "version": "1.33.5-gke.1308000"
              },
              {
                "autoscaling": [
                  {
                    "location_policy": "BALANCED",
                    "max_node_count": 1000,
                    "min_node_count": 0,
                    "total_max_node_count": 0,
                    "total_min_node_count": 0
                  }
                ],
                "initial_node_count": 0,
                "instance_group_urls": [],
                "managed_instance_group_urls": [],
                "management": [
                  {
                    "auto_repair": true,
                    "auto_upgrade": true
                  }
                ],
                "max_pods_per_node": 32,
                "name": "pool-1",
                "name_prefix": "",
                "network_config": [
                  {
                    "additional_node_network_configs": [],
                    "additional_pod_network_configs": [],
                    "create_pod_range": false,
                    "enable_private_nodes": false,
                    "network_performance_config": [],
                    "pod_cidr_overprovision_config": [],
                    "pod_ipv4_cidr_block": "10.57.0.0/17",
                    "pod_range": "gke-gke-autopilot-pods-afd1f622",
                    "subnetwork": "projects/tp-final-gke-martin/regions/europe-west1/subnetworks/default"
                  }
                ],
                "node_config": [
                  {
                    "advanced_machine_features": [],
                    "boot_disk": [
                      {
                        "disk_type": "pd-balanced",
                        "provisioned_iops": 0,
                        "provisioned_throughput": 0,
                        "size_gb": 100
                      }
                    ],
                    "boot_disk_kms_key": "",
                    "confidential_nodes": [],
                    "containerd_config": [],
                    "disk_size_gb": 100,
                    "disk_type": "pd-balanced",
                    "effective_taints": [],
                    "enable_confidential_storage": false,
                    "ephemeral_storage_local_ssd_config": [],
                    "fast_socket": [],
                    "flex_start": false,
                    "gcfs_config": [],
                    "guest_accelerator": [],
                    "gvnic": [
                      {
                        "enabled": true
                      }
                    ],
                    "host_maintenance_policy": [],
                    "image_type": "COS_CONTAINERD",
                    "kubelet_config": [
                      {
                        "allowed_unsafe_sysctls": [],
                        "container_log_max_files": 0,
                        "container_log_max_size": "",
                        "cpu_cfs_quota": false,
                        "cpu_cfs_quota_period": "",
                        "cpu_manager_policy": "",
                        "eviction_max_pod_grace_period_seconds": 0,
                        "eviction_minimum_reclaim": [],
                        "eviction_soft": [],
                        "eviction_soft_grace_period": [],
                        "image_gc_high_threshold_percent": 0,
                        "image_gc_low_threshold_percent": 0,
                        "image_maximum_gc_age": "",
                        "image_minimum_gc_age": "",
                        "insecure_kubelet_readonly_port_enabled": "FALSE",
                        "max_parallel_image_pulls": 2,
                        "memory_manager": [],
                        "pod_pids_limit": 0,
                        "single_process_oom_kill": false,
                        "topology_manager": []
                      }
                    ],
                    "labels": {},
                    "linux_node_config": [],
                    "local_nvme_ssd_block_config": [],
                    "local_ssd_count": 0,
                    "local_ssd_encryption_mode": "",
                    "logging_variant": "DEFAULT",
                    "machine_type": "ek-standard-8",
                    "max_run_duration": "",
                    "metadata": {
                      "disable-legacy-endpoints": "true"
                    },
                    "min_cpu_platform": "",
                    "node_group": "",
                    "oauth_scopes": [
                      "https://www.googleapis.com/auth/devstorage.read_only",
                      "https://www.googleapis.com/auth/logging.write",
                      "https://www.googleapis.com/auth/monitoring",
                      "https://www.googleapis.com/auth/service.management.readonly",
                      "https://www.googleapis.com/auth/servicecontrol",
                      "https://www.googleapis.com/auth/trace.append"
                    ],
                    "preemptible": false,
                    "reservation_affinity": [
                      {
                        "consume_reservation_type": "NO_RESERVATION",
                        "key": "",
                        "values": []
                      }
                    ],
                    "resource_labels": {
                      "goog-gke-node-pool-provisioning-model": "on-demand"
                    },
                    "resource_manager_tags": {},
                    "secondary_boot_disks": [],
                    "service_account": "default",
                    "shielded_instance_config": [
                      {
                        "enable_integrity_monitoring": true,
                        "enable_secure_boot": true
                      }
                    ],
                    "sole_tenant_config": [],
                    "spot": false,
                    "storage_pools": [],
                    "tags": [],
                    "taint": [],
                    "windows_node_config": [
                      {
                        "osversion": ""
                      }
                    ],
                    "workload_metadata_config": [
                      {
                        "mode": "GKE_METADATA"
                      }
                    ]
                  }
                ],
                "node_count": 0,
                "node_locations": [
                  "europe-west1-b",
                  "europe-west1-c",
                  "europe-west1-d"
                ],
                "placement_policy": [],
                "queued_provisioning": [],
                "upgrade_settings": [
                  {
                    "blue_green_settings": [],
                    "max_surge": 1,
                    "max_unavailable": 0,
                    "strategy": "SURGE"
                  }
                ],
                "version": "1.33.5-gke.1308000"
              },
              {
                "autoscaling": [
                  {
                    "location_policy": "BALANCED",
                    "max_node_count": 1000,
                    "min_node_count": 0,
                    "total_max_node_count": 0,
                    "total_min_node_count": 0
                  }
                ],
                "initial_node_count": 0,
                "instance_group_urls": [],
                "managed_instance_group_urls": [],
                "management": [
                  {
                    "auto_repair": true,
                    "auto_upgrade": true
                  }
                ],
                "max_pods_per_node": 32,
                "name": "pool-2",
                "name_prefix": "",
                "network_config": [
                  {
                    "additional_node_network_configs": [],
                    "additional_pod_network_configs": [],
                    "create_pod_range": false,
                    "enable_private_nodes": false,
                    "network_performance_config": [],
                    "pod_cidr_overprovision_config": [],
                    "pod_ipv4_cidr_block": "10.57.0.0/17",
                    "pod_range": "gke-gke-autopilot-pods-afd1f622",
                    "subnetwork": "projects/tp-final-gke-martin/regions/europe-west1/subnetworks/default"
                  }
                ],
                "node_config": [
                  {
                    "advanced_machine_features": [],
                    "boot_disk": [
                      {
                        "disk_type": "pd-balanced",
                        "provisioned_iops": 0,
                        "provisioned_throughput": 0,
                        "size_gb": 100
                      }
                    ],
                    "boot_disk_kms_key": "",
                    "confidential_nodes": [],
                    "containerd_config": [],
                    "disk_size_gb": 100,
                    "disk_type": "pd-balanced",
                    "effective_taints": [],
                    "enable_confidential_storage": false,
                    "ephemeral_storage_local_ssd_config": [],
                    "fast_socket": [],
                    "flex_start": false,
                    "gcfs_config": [],
                    "guest_accelerator": [],
                    "gvnic": [
                      {
                        "enabled": true
                      }
                    ],
                    "host_maintenance_policy": [],
                    "image_type": "COS_CONTAINERD",
                    "kubelet_config": [
                      {
                        "allowed_unsafe_sysctls": [],
                        "container_log_max_files": 0,
                        "container_log_max_size": "",
                        "cpu_cfs_quota": false,
                        "cpu_cfs_quota_period": "",
                        "cpu_manager_policy": "",
                        "eviction_max_pod_grace_period_seconds": 0,
                        "eviction_minimum_reclaim": [],
                        "eviction_soft": [],
                        "eviction_soft_grace_period": [],
                        "image_gc_high_threshold_percent": 0,
                        "image_gc_low_threshold_percent": 0,
                        "image_maximum_gc_age": "",
                        "image_minimum_gc_age": "",
                        "insecure_kubelet_readonly_port_enabled": "FALSE",
                        "max_parallel_image_pulls": 2,
                        "memory_manager": [],
                        "pod_pids_limit": 0,
                        "single_process_oom_kill": false,
                        "topology_manager": []
                      }
                    ],
                    "labels": {},
                    "linux_node_config": [],
                    "local_nvme_ssd_block_config": [],
                    "local_ssd_count": 0,
                    "local_ssd_encryption_mode": "",
                    "logging_variant": "DEFAULT",
                    "machine_type": "ek-standard-16",
                    "max_run_duration": "",
                    "metadata": {
                      "disable-legacy-endpoints": "true"
                    },
                    "min_cpu_platform": "",
                    "node_group": "",
                    "oauth_scopes": [
                      "https://www.googleapis.com/auth/devstorage.read_only",
                      "https://www.googleapis.com/auth/logging.write",
                      "https://www.googleapis.com/auth/monitoring",
                      "https://www.googleapis.com/auth/service.management.readonly",
                      "https://www.googleapis.com/auth/servicecontrol",
                      "https://www.googleapis.com/auth/trace.append"
                    ],
                    "preemptible": false,
                    "reservation_affinity": [
                      {
                        "consume_reservation_type": "NO_RESERVATION",
                        "key": "",
                        "values": []
                      }
                    ],
                    "resource_labels": {
                      "goog-gke-node-pool-provisioning-model": "on-demand"
                    },
                    "resource_manager_tags": {},
                    "secondary_boot_disks": [],
                    "service_account": "default",
                    "shielded_instance_config": [
                      {
                        "enable_integrity_monitoring": true,
                        "enable_secure_boot": true
                      }
                    ],
                    "sole_tenant_config": [],
                    "spot": false,
                    "storage_pools": [],
                    "tags": [],
                    "taint": [],
                    "windows_node_config": [
                      {
                        "osversion": ""
                      }
                    ],
                    "workload_metadata_config": [
                      {
                        "mode": "GKE_METADATA"
                      }
                    ]
                  }
                ],
                "node_count": 0,
                "node_locations": [
                  "europe-west1-b",
                  "europe-west1-c",
                  "europe-west1-d"
                ],
                "placement_policy": [],
                "queued_provisioning": [],
                "upgrade_settings": [
                  {
                    "blue_green_settings": [],
                    "max_surge": 1,
                    "max_unavailable": 0,
                    "strategy": "SURGE"
                  }
                ],
                "version": "1.33.5-gke.1308000"
              },
              {
                "autoscaling": [
                  {
                    "location_policy": "BALANCED",
                    "max_node_count": 1000,
                    "min_node_count": 0,
                    "total_max_node_count": 0,
                    "total_min_node_count": 0
                  }
                ],
                "initial_node_count": 0,
                "instance_group_urls": [],
                "managed_instance_group_urls": [],
                "management": [
                  {
                    "auto_repair": true,
                    "auto_upgrade": true
                  }
                ],
                "max_pods_per_node": 32,
                "name": "pool-3",
                "name_prefix": "",
                "network_config": [
                  {
                    "additional_node_network_configs": [],
                    "additional_pod_network_configs": [],
                    "create_pod_range": false,
                    "enable_private_nodes": false,
                    "network_performance_config": [],
                    "pod_cidr_overprovision_config": [],
                    "pod_ipv4_cidr_block": "10.57.0.0/17",
                    "pod_range": "gke-gke-autopilot-pods-afd1f622",
                    "subnetwork": "projects/tp-final-gke-martin/regions/europe-west1/subnetworks/default"
                  }
                ],
                "node_config": [
                  {
                    "advanced_machine_features": [],
                    "boot_disk": [
                      {
                        "disk_type": "pd-balanced",
                        "provisioned_iops": 0,
                        "provisioned_throughput": 0,
                        "size_gb": 100
                      }
                    ],
                    "boot_disk_kms_key": "",
                    "confidential_nodes": [],
                    "containerd_config": [],
                    "disk_size_gb": 100,
                    "disk_type": "pd-balanced",
                    "effective_taints": [],
                    "enable_confidential_storage": false,
                    "ephemeral_storage_local_ssd_config": [],
                    "fast_socket": [],
                    "flex_start": false,
                    "gcfs_config": [],
                    "guest_accelerator": [],
                    "gvnic": [
                      {
                        "enabled": true
                      }
                    ],
                    "host_maintenance_policy": [],
                    "image_type": "COS_CONTAINERD",
                    "kubelet_config": [
                      {
                        "allowed_unsafe_sysctls": [],
                        "container_log_max_files": 0,
                        "container_log_max_size": "",
                        "cpu_cfs_quota": false,
                        "cpu_cfs_quota_period": "",
                        "cpu_manager_policy": "",
                        "eviction_max_pod_grace_period_seconds": 0,
                        "eviction_minimum_reclaim": [],
                        "eviction_soft": [],
                        "eviction_soft_grace_period": [],
                        "image_gc_high_threshold_percent": 0,
                        "image_gc_low_threshold_percent": 0,
                        "image_maximum_gc_age": "",
                        "image_minimum_gc_age": "",
                        "insecure_kubelet_readonly_port_enabled": "FALSE",
                        "max_parallel_image_pulls": 2,
                        "memory_manager": [],
                        "pod_pids_limit": 0,
                        "single_process_oom_kill": false,
                        "topology_manager": []
                      }
                    ],
                    "labels": {},
                    "linux_node_config": [],
                    "local_nvme_ssd_block_config": [],
                    "local_ssd_count": 0,
                    "local_ssd_encryption_mode": "",
                    "logging_variant": "DEFAULT",
                    "machine_type": "ek-standard-32",
                    "max_run_duration": "",
                    "metadata": {
                      "disable-legacy-endpoints": "true"
                    },
                    "min_cpu_platform": "",
                    "node_group": "",
                    "oauth_scopes": [
                      "https://www.googleapis.com/auth/devstorage.read_only",
                      "https://www.googleapis.com/auth/logging.write",
                      "https://www.googleapis.com/auth/monitoring",
                      "https://www.googleapis.com/auth/service.management.readonly",
                      "https://www.googleapis.com/auth/servicecontrol",
                      "https://www.googleapis.com/auth/trace.append"
                    ],
                    "preemptible": false,
                    "reservation_affinity": [
                      {
                        "consume_reservation_type": "NO_RESERVATION",
                        "key": "",
                        "values": []
                      }
                    ],
                    "resource_labels": {
                      "goog-gke-node-pool-provisioning-model": "on-demand"
                    },
                    "resource_manager_tags": {},
                    "secondary_boot_disks": [],
                    "service_account": "default",
                    "shielded_instance_config": [
                      {
                        "enable_integrity_monitoring": true,
                        "enable_secure_boot": true
                      }
                    ],
                    "sole_tenant_config": [],
                    "spot": false,
                    "storage_pools": [],
                    "tags": [],
                    "taint": [],
                    "windows_node_config": [
                      {
                        "osversion": ""
                      }
                    ],
                    "workload_metadata_config": [
                      {
                        "mode": "GKE_METADATA"
                      }
                    ]
                  }
                ],
                "node_count": 0,
                "node_locations": [
                  "europe-west1-b",
                  "europe-west1-c",
                  "europe-west1-d"
                ],
                "placement_policy": [],
                "queued_provisioning": [],
                "upgrade_settings": [
                  {
                    "blue_green_settings": [],
                    "max_surge": 1,
                    "max_unavailable": 0,
                    "strategy": "SURGE"
                  }
                ],
                "version": "1.33.5-gke.1308000"
              },
              {
                "autoscaling": [
                  {
                    "location_policy": "BALANCED",
                    "max_node_count": 1000,
                    "min_node_count": 0,
                    "total_max_node_count": 0,
                    "total_min_node_count": 0
                  }
                ],
                "initial_node_count": 0,
                "instance_group_urls": [],
                "managed_instance_group_urls": [],
                "management": [
                  {
                    "auto_repair": true,
                    "auto_upgrade": true
                  }
                ],
                "max_pods_per_node": 32,
                "name": "pool-4",
                "name_prefix": "",
                "network_config": [
                  {
                    "additional_node_network_configs": [],
                    "additional_pod_network_configs": [],
                    "create_pod_range": false,
                    "enable_private_nodes": false,
                    "network_performance_config": [],
                    "pod_cidr_overprovision_config": [],
                    "pod_ipv4_cidr_block": "10.57.0.0/17",
                    "pod_range": "gke-gke-autopilot-pods-afd1f622",
                    "subnetwork": "projects/tp-final-gke-martin/regions/europe-west1/subnetworks/default"
                  }
                ],
                "node_config": [
                  {
                    "advanced_machine_features": [],
                    "boot_disk": [
                      {
                        "disk_type": "pd-balanced",
                        "provisioned_iops": 0,
                        "provisioned_throughput": 0,
                        "size_gb": 100
                      }
                    ],
                    "boot_disk_kms_key": "",
                    "confidential_nodes": [],
                    "containerd_config": [],
                    "disk_size_gb": 100,
                    "disk_type": "pd-balanced",
                    "effective_taints": [],
                    "enable_confidential_storage": false,
                    "ephemeral_storage_local_ssd_config": [],
                    "fast_socket": [],
                    "flex_start": false,
                    "gcfs_config": [],
                    "guest_accelerator": [],
                    "gvnic": [
                      {
                        "enabled": true
                      }
                    ],
                    "host_maintenance_policy": [],
                    "image_type": "COS_CONTAINERD",
                    "kubelet_config": [
                      {
                        "allowed_unsafe_sysctls": [],
                        "container_log_max_files": 0,
                        "container_log_max_size": "",
                        "cpu_cfs_quota": false,
                        "cpu_cfs_quota_period": "",
                        "cpu_manager_policy": "",
                        "eviction_max_pod_grace_period_seconds": 0,
                        "eviction_minimum_reclaim": [],
                        "eviction_soft": [],
                        "eviction_soft_grace_period": [],
                        "image_gc_high_threshold_percent": 0,
                        "image_gc_low_threshold_percent": 0,
                        "image_maximum_gc_age": "",
                        "image_minimum_gc_age": "",
                        "insecure_kubelet_readonly_port_enabled": "FALSE",
                        "max_parallel_image_pulls": 2,
                        "memory_manager": [],
                        "pod_pids_limit": 0,
                        "single_process_oom_kill": false,
                        "topology_manager": []
                      }
                    ],
                    "labels": {},
                    "linux_node_config": [],
                    "local_nvme_ssd_block_config": [],
                    "local_ssd_count": 0,
                    "local_ssd_encryption_mode": "",
                    "logging_variant": "DEFAULT",
                    "machine_type": "e2-medium",
                    "max_run_duration": "",
                    "metadata": {
                      "disable-legacy-endpoints": "true"
                    },
                    "min_cpu_platform": "",
                    "node_group": "",
                    "oauth_scopes": [
                      "https://www.googleapis.com/auth/devstorage.read_only",
                      "https://www.googleapis.com/auth/logging.write",
                      "https://www.googleapis.com/auth/monitoring",
                      "https://www.googleapis.com/auth/service.management.readonly",
                      "https://www.googleapis.com/auth/servicecontrol",
                      "https://www.googleapis.com/auth/trace.append"
                    ],
                    "preemptible": false,
                    "reservation_affinity": [
                      {
                        "consume_reservation_type": "NO_RESERVATION",
                        "key": "",
                        "values": []
                      }
                    ],
                    "resource_labels": {
                      "goog-gke-node-pool-provisioning-model": "on-demand"
                    },
                    "resource_manager_tags": {},
                    "secondary_boot_disks": [],
                    "service_account": "default",
                    "shielded_instance_config": [
                      {
                        "enable_integrity_monitoring": true,
                        "enable_secure_boot": true
                      }
                    ],
                    "sole_tenant_config": [],
                    "spot": false,
                    "storage_pools": [],
                    "tags": [],
                    "taint": [],
                    "windows_node_config": [
                      {
                        "osversion": ""
                      }
                    ],
                    "workload_metadata_config": [
                      {
                        "mode": "GKE_METADATA"
                      }
                    ]
                  }
                ],
                "node_count": 0,
                "node_locations": [
                  "europe-west1-b",
                  "europe-west1-c",
                  "europe-west1-d"
                ],
                "placement_policy": [],
                "queued_provisioning": [],
                "upgrade_settings": [
                  {
                    "blue_green_settings": [],
                    "max_surge": 1,
                    "max_unavailable": 0,
                    "strategy": "SURGE"
                  }
                ],
                "version": "1.33.5-gke.1308000"
              },
              {
                "autoscaling": [
                  {
                    "location_policy": "BALANCED",
                    "max_node_count": 1000,
                    "min_node_count": 0,
                    "total_max_node_count": 0,
                    "total_min_node_count": 0
                  }
                ],
                "initial_node_count": 0,
                "instance_group_urls": [],
                "managed_instance_group_urls": [],
                "management": [
                  {
                    "auto_repair": true,
                    "auto_upgrade": true
                  }
                ],
                "max_pods_per_node": 32,
                "name": "pool-5",
                "name_prefix": "",
                "network_config": [
                  {
                    "additional_node_network_configs": [],
                    "additional_pod_network_configs": [],
                    "create_pod_range": false,
                    "enable_private_nodes": false,
                    "network_performance_config": [],
                    "pod_cidr_overprovision_config": [],
                    "pod_ipv4_cidr_block": "10.57.0.0/17",
                    "pod_range": "gke-gke-autopilot-pods-afd1f622",
                    "subnetwork": "projects/tp-final-gke-martin/regions/europe-west1/subnetworks/default"
                  }
                ],
                "node_config": [
                  {
                    "advanced_machine_features": [],
                    "boot_disk": [
                      {
                        "disk_type": "pd-balanced",
                        "provisioned_iops": 0,
                        "provisioned_throughput": 0,
                        "size_gb": 100
                      }
                    ],
                    "boot_disk_kms_key": "",
                    "confidential_nodes": [],
                    "containerd_config": [],
                    "disk_size_gb": 100,
                    "disk_type": "pd-balanced",
                    "effective_taints": [],
                    "enable_confidential_storage": false,
                    "ephemeral_storage_local_ssd_config": [],
                    "fast_socket": [],
                    "flex_start": false,
                    "gcfs_config": [],
                    "guest_accelerator": [],
                    "gvnic": [
                      {
                        "enabled": true
                      }
                    ],
                    "host_maintenance_policy": [],
                    "image_type": "COS_CONTAINERD",
                    "kubelet_config": [
                      {
                        "allowed_unsafe_sysctls": [],
                        "container_log_max_files": 0,
                        "container_log_max_size": "",
                        "cpu_cfs_quota": false,
                        "cpu_cfs_quota_period": "",
                        "cpu_manager_policy": "",
                        "eviction_max_pod_grace_period_seconds": 0,
                        "eviction_minimum_reclaim": [],
                        "eviction_soft": [],
                        "eviction_soft_grace_period": [],
                        "image_gc_high_threshold_percent": 0,
                        "image_gc_low_threshold_percent": 0,
                        "image_maximum_gc_age": "",
                        "image_minimum_gc_age": "",
                        "insecure_kubelet_readonly_port_enabled": "FALSE",
                        "max_parallel_image_pulls": 2,
                        "memory_manager": [],
                        "pod_pids_limit": 0,
                        "single_process_oom_kill": false,
                        "topology_manager": []
                      }
                    ],
                    "labels": {},
                    "linux_node_config": [],
                    "local_nvme_ssd_block_config": [],
                    "local_ssd_count": 0,
                    "local_ssd_encryption_mode": "",
                    "logging_variant": "DEFAULT",
                    "machine_type": "e2-standard-2",
                    "max_run_duration": "",
                    "metadata": {
                      "disable-legacy-endpoints": "true"
                    },
                    "min_cpu_platform": "",
                    "node_group": "",
                    "oauth_scopes": [
                      "https://www.googleapis.com/auth/devstorage.read_only",
                      "https://www.googleapis.com/auth/logging.write",
                      "https://www.googleapis.com/auth/monitoring",
                      "https://www.googleapis.com/auth/service.management.readonly",
                      "https://www.googleapis.com/auth/servicecontrol",
                      "https://www.googleapis.com/auth/trace.append"
                    ],
                    "preemptible": false,
                    "reservation_affinity": [
                      {
                        "consume_reservation_type": "NO_RESERVATION",
                        "key": "",
                        "values": []
                      }
                    ],
                    "resource_labels": {
                      "goog-gke-node-pool-provisioning-model": "on-demand"
                    },
                    "resource_manager_tags": {},
                    "secondary_boot_disks": [],
                    "service_account": "default",
                    "shielded_instance_config": [
                      {
                        "enable_integrity_monitoring": true,
                        "enable_secure_boot": true
                      }
                    ],
                    "sole_tenant_config": [],
                    "spot": false,
                    "storage_pools": [],
                    "tags": [],
                    "taint": [],
                    "windows_node_config": [
                      {
                        "osversion": ""
                      }
                    ],
                    "workload_metadata_config": [
                      {
                        "mode": "GKE_METADATA"
                      }
                    ]
                  }
                ],
                "node_count": 0,
                "node_locations": [
                  "europe-west1-b",
                  "europe-west1-c",
                  "europe-west1-d"
                ],
                "placement_policy": [],
                "queued_provisioning": [],
                "upgrade_settings": [
                  {
                    "blue_green_settings": [],
                    "max_surge": 1,
                    "max_unavailable": 0,
                    "strategy": "SURGE"
                  }
                ],
                "version": "1.33.5-gke.1308000"
              },
              {
                "autoscaling": [
                  {
                    "location_policy": "BALANCED",
                    "max_node_count": 1000,
                    "min_node_count": 0,
                    "total_max_node_count": 0,
                    "total_min_node_count": 0
                  }
                ],
                "initial_node_count": 0,
                "instance_group_urls": [],
                "managed_instance_group_urls": [],
                "management": [
                  {
                    "auto_repair": true,
                    "auto_upgrade": true
                  }
                ],
                "max_pods_per_node": 32,
                "name": "pool-6",
                "name_prefix": "",
                "network_config": [
                  {
                    "additional_node_network_configs": [],
                    "additional_pod_network_configs": [],
                    "create_pod_range": false,
                    "enable_private_nodes": false,
                    "network_performance_config": [],
                    "pod_cidr_overprovision_config": [],
                    "pod_ipv4_cidr_block": "10.57.0.0/17",
                    "pod_range": "gke-gke-autopilot-pods-afd1f622",
                    "subnetwork": "projects/tp-final-gke-martin/regions/europe-west1/subnetworks/default"
                  }
                ],
                "node_config": [
                  {
                    "advanced_machine_features": [],
                    "boot_disk": [
                      {
                        "disk_type": "pd-balanced",
                        "provisioned_iops": 0,
                        "provisioned_throughput": 0,
                        "size_gb": 100
                      }
                    ],
                    "boot_disk_kms_key": "",
                    "confidential_nodes": [],
                    "containerd_config": [],
                    "disk_size_gb": 100,
                    "disk_type": "pd-balanced",
                    "effective_taints": [],
                    "enable_confidential_storage": false,
                    "ephemeral_storage_local_ssd_config": [],
                    "fast_socket": [],
                    "flex_start": false,
                    "gcfs_config": [],
                    "guest_accelerator": [],
                    "gvnic": [
                      {
                        "enabled": true
                      }
                    ],
                    "host_maintenance_policy": [],
                    "image_type": "COS_CONTAINERD",
                    "kubelet_config": [
                      {
                        "allowed_unsafe_sysctls": [],
                        "container_log_max_files": 0,
                        "container_log_max_size": "",
                        "cpu_cfs_quota": false,
                        "cpu_cfs_quota_period": "",
                        "cpu_manager_policy": "",
                        "eviction_max_pod_grace_period_seconds": 0,
                        "eviction_minimum_reclaim": [],
                        "eviction_soft": [],
                        "eviction_soft_grace_period": [],
                        "image_gc_high_threshold_percent": 0,
                        "image_gc_low_threshold_percent": 0,
                        "image_maximum_gc_age": "",
                        "image_minimum_gc_age": "",
                        "insecure_kubelet_readonly_port_enabled": "FALSE",
                        "max_parallel_image_pulls": 2,
                        "memory_manager": [],
                        "pod_pids_limit": 0,
                        "single_process_oom_kill": false,
                        "topology_manager": []
                      }
                    ],
                    "labels": {},
                    "linux_node_config": [],
                    "local_nvme_ssd_block_config": [],
                    "local_ssd_count": 0,
                    "local_ssd_encryption_mode": "",
                    "logging_variant": "DEFAULT",
                    "machine_type": "e2-standard-4",
                    "max_run_duration": "",
                    "metadata": {
                      "disable-legacy-endpoints": "true"
                    },
                    "min_cpu_platform": "",
                    "node_group": "",
                    "oauth_scopes": [
                      "https://www.googleapis.com/auth/devstorage.read_only",
                      "https://www.googleapis.com/auth/logging.write",
                      "https://www.googleapis.com/auth/monitoring",
                      "https://www.googleapis.com/auth/service.management.readonly",
                      "https://www.googleapis.com/auth/servicecontrol",
                      "https://www.googleapis.com/auth/trace.append"
                    ],
                    "preemptible": false,
                    "reservation_affinity": [
                      {
                        "consume_reservation_type": "NO_RESERVATION",
                        "key": "",
                        "values": []
                      }
                    ],
                    "resource_labels": {
                      "goog-gke-node-pool-provisioning-model": "on-demand"
                    },
                    "resource_manager_tags": {},
                    "secondary_boot_disks": [],
                    "service_account": "default",
                    "shielded_instance_config": [
                      {
                        "enable_integrity_monitoring": true,
                        "enable_secure_boot": true
                      }
                    ],
                    "sole_tenant_config": [],
                    "spot": false,
                    "storage_pools": [],
                    "tags": [],
                    "taint": [],
                    "windows_node_config": [
                      {
                        "osversion": ""
                      }
                    ],
                    "workload_metadata_config": [
                      {
                        "mode": "GKE_METADATA"
                      }
                    ]
                  }
                ],
                "node_count": 0,
                "node_locations": [
                  "europe-west1-b",
                  "europe-west1-c",
                  "europe-west1-d"
                ],
                "placement_policy": [],
                "queued_provisioning": [],
                "upgrade_settings": [
                  {
                    "blue_green_settings": [],
                    "max_surge": 1,
                    "max_unavailable": 0,
                    "strategy": "SURGE"
                  }
                ],
                "version": "1.33.5-gke.1308000"
              },
              {
                "autoscaling": [
                  {
                    "location_policy": "BALANCED",
                    "max_node_count": 1000,
                    "min_node_count": 0,
                    "total_max_node_count": 0,
                    "total_min_node_count": 0
                  }
                ],
                "initial_node_count": 0,
                "instance_group_urls": [],
                "managed_instance_group_urls": [],
                "management": [
                  {
                    "auto_repair": true,
                    "auto_upgrade": true
                  }
                ],
                "max_pods_per_node": 32,
                "name": "pool-7",
                "name_prefix": "",
                "network_config": [
                  {
                    "additional_node_network_configs": [],
                    "additional_pod_network_configs": [],
                    "create_pod_range": false,
                    "enable_private_nodes": false,
                    "network_performance_config": [],
                    "pod_cidr_overprovision_config": [],
                    "pod_ipv4_cidr_block": "10.57.0.0/17",
                    "pod_range": "gke-gke-autopilot-pods-afd1f622",
                    "subnetwork": "projects/tp-final-gke-martin/regions/europe-west1/subnetworks/default"
                  }
                ],
                "node_config": [
                  {
                    "advanced_machine_features": [],
                    "boot_disk": [
                      {
                        "disk_type": "pd-balanced",
                        "provisioned_iops": 0,
                        "provisioned_throughput": 0,
                        "size_gb": 100
                      }
                    ],
                    "boot_disk_kms_key": "",
                    "confidential_nodes": [],
                    "containerd_config": [],
                    "disk_size_gb": 100,
                    "disk_type": "pd-balanced",
                    "effective_taints": [],
                    "enable_confidential_storage": false,
                    "ephemeral_storage_local_ssd_config": [],
                    "fast_socket": [],
                    "flex_start": false,
                    "gcfs_config": [],
                    "guest_accelerator": [],
                    "gvnic": [
                      {
                        "enabled": true
                      }
                    ],
                    "host_maintenance_policy": [],
                    "image_type": "COS_CONTAINERD",
                    "kubelet_config": [
                      {
                        "allowed_unsafe_sysctls": [],
                        "container_log_max_files": 0,
                        "container_log_max_size": "",
                        "cpu_cfs_quota": false,
                        "cpu_cfs_quota_period": "",
                        "cpu_manager_policy": "",
                        "eviction_max_pod_grace_period_seconds": 0,
                        "eviction_minimum_reclaim": [],
                        "eviction_soft": [],
                        "eviction_soft_grace_period": [],
                        "image_gc_high_threshold_percent": 0,
                        "image_gc_low_threshold_percent": 0,
                        "image_maximum_gc_age": "",
                        "image_minimum_gc_age": "",
                        "insecure_kubelet_readonly_port_enabled": "FALSE",
                        "max_parallel_image_pulls": 2,
                        "memory_manager": [],
                        "pod_pids_limit": 0,
                        "single_process_oom_kill": false,
                        "topology_manager": []
                      }
                    ],
                    "labels": {},
                    "linux_node_config": [],
                    "local_nvme_ssd_block_config": [],
                    "local_ssd_count": 0,
                    "local_ssd_encryption_mode": "",
                    "logging_variant": "DEFAULT",
                    "machine_type": "e2-standard-8",
                    "max_run_duration": "",
                    "metadata": {
                      "disable-legacy-endpoints": "true"
                    },
                    "min_cpu_platform": "",
                    "node_group": "",
                    "oauth_scopes": [
                      "https://www.googleapis.com/auth/devstorage.read_only",
                      "https://www.googleapis.com/auth/logging.write",
                      "https://www.googleapis.com/auth/monitoring",
                      "https://www.googleapis.com/auth/service.management.readonly",
                      "https://www.googleapis.com/auth/servicecontrol",
                      "https://www.googleapis.com/auth/trace.append"
                    ],
                    "preemptible": false,
                    "reservation_affinity": [
                      {
                        "consume_reservation_type": "NO_RESERVATION",
                        "key": "",
                        "values": []
                      }
                    ],
                    "resource_labels": {
                      "goog-gke-node-pool-provisioning-model": "on-demand"
                    },
                    "resource_manager_tags": {},
                    "secondary_boot_disks": [],
                    "service_account": "default",
                    "shielded_instance_config": [
                      {
                        "enable_integrity_monitoring": true,
                        "enable_secure_boot": true
                      }
                    ],
                    "sole_tenant_config": [],
                    "spot": false,
                    "storage_pools": [],
                    "tags": [],
                    "taint": [],
                    "windows_node_config": [
                      {
                        "osversion": ""
                      }
                    ],
                    "workload_metadata_config": [
                      {
                        "mode": "GKE_METADATA"
                      }
                    ]
                  }
                ],
                "node_count": 0,
                "node_locations": [
                  "europe-west1-b",
                  "europe-west1-c",
                  "europe-west1-d"
                ],
                "placement_policy": [],
                "queued_provisioning": [],
                "upgrade_settings": [
                  {
                    "blue_green_settings": [],
                    "max_surge": 1,
                    "max_unavailable": 0,
                    "strategy": "SURGE"
                  }
                ],
                "version": "1.33.5-gke.1308000"
              },
              {
                "autoscaling": [
                  {
                    "location_policy": "BALANCED",
                    "max_node_count": 1000,
                    "min_node_count": 0,
                    "total_max_node_count": 0,
                    "total_min_node_count": 0
                  }
                ],
                "initial_node_count": 0,
                "instance_group_urls": [],
                "managed_instance_group_urls": [],
                "management": [
                  {
                    "auto_repair": true,
                    "auto_upgrade": true
                  }
                ],
                "max_pods_per_node": 32,
                "name": "pool-8",
                "name_prefix": "",
                "network_config": [
                  {
                    "additional_node_network_configs": [],
                    "additional_pod_network_configs": [],
                    "create_pod_range": false,
                    "enable_private_nodes": false,
                    "network_performance_config": [],
                    "pod_cidr_overprovision_config": [],
                    "pod_ipv4_cidr_block": "10.57.0.0/17",
                    "pod_range": "gke-gke-autopilot-pods-afd1f622",
                    "subnetwork": "projects/tp-final-gke-martin/regions/europe-west1/subnetworks/default"
                  }
                ],
                "node_config": [
                  {
                    "advanced_machine_features": [],
                    "boot_disk": [
                      {
                        "disk_type": "pd-balanced",
                        "provisioned_iops": 0,
                        "provisioned_throughput": 0,
                        "size_gb": 100
                      }
                    ],
                    "boot_disk_kms_key": "",
                    "confidential_nodes": [],
                    "containerd_config": [],
                    "disk_size_gb": 100,
                    "disk_type": "pd-balanced",
                    "effective_taints": [],
                    "enable_confidential_storage": false,
                    "ephemeral_storage_local_ssd_config": [],
                    "fast_socket": [],
                    "flex_start": false,
                    "gcfs_config": [],
                    "guest_accelerator": [],
                    "gvnic": [
                      {
                        "enabled": true
                      }
                    ],
                    "host_maintenance_policy": [],
                    "image_type": "COS_CONTAINERD",
                    "kubelet_config": [
                      {
                        "allowed_unsafe_sysctls": [],
                        "container_log_max_files": 0,
                        "container_log_max_size": "",
                        "cpu_cfs_quota": false,
                        "cpu_cfs_quota_period": "",
                        "cpu_manager_policy": "",
                        "eviction_max_pod_grace_period_seconds": 0,
                        "eviction_minimum_reclaim": [],
                        "eviction_soft": [],
                        "eviction_soft_grace_period": [],
                        "image_gc_high_threshold_percent": 0,
                        "image_gc_low_threshold_percent": 0,
                        "image_maximum_gc_age": "",
                        "image_minimum_gc_age": "",
                        "insecure_kubelet_readonly_port_enabled": "FALSE",
                        "max_parallel_image_pulls": 2,
                        "memory_manager": [],
                        "pod_pids_limit": 0,
                        "single_process_oom_kill": false,
                        "topology_manager": []
                      }
                    ],
                    "labels": {},
                    "linux_node_config": [],
                    "local_nvme_ssd_block_config": [],
                    "local_ssd_count": 0,
                    "local_ssd_encryption_mode": "",
                    "logging_variant": "DEFAULT",
                    "machine_type": "e2-standard-16",
                    "max_run_duration": "",
                    "metadata": {
                      "disable-legacy-endpoints": "true"
                    },
                    "min_cpu_platform": "",
                    "node_group": "",
                    "oauth_scopes": [
                      "https://www.googleapis.com/auth/devstorage.read_only",
                      "https://www.googleapis.com/auth/logging.write",
                      "https://www.googleapis.com/auth/monitoring",
                      "https://www.googleapis.com/auth/service.management.readonly",
                      "https://www.googleapis.com/auth/servicecontrol",
                      "https://www.googleapis.com/auth/trace.append"
                    ],
                    "preemptible": false,
                    "reservation_affinity": [
                      {
                        "consume_reservation_type": "NO_RESERVATION",
                        "key": "",
                        "values": []
                      }
                    ],
                    "resource_labels": {
                      "goog-gke-node-pool-provisioning-model": "on-demand"
                    },
                    "resource_manager_tags": {},
                    "secondary_boot_disks": [],
                    "service_account": "default",
                    "shielded_instance_config": [
                      {
                        "enable_integrity_monitoring": true,
                        "enable_secure_boot": true
                      }
                    ],
                    "sole_tenant_config": [],
                    "spot": false,
                    "storage_pools": [],
                    "tags": [],
                    "taint": [],
                    "windows_node_config": [
                      {
                        "osversion": ""
                      }
                    ],
                    "workload_metadata_config": [
                      {
                        "mode": "GKE_METADATA"
                      }
                    ]
                  }
                ],
                "node_count": 0,
                "node_locations": [
                  "europe-west1-b",
                  "europe-west1-c",
                  "europe-west1-d"
                ],
                "placement_policy": [],
                "queued_provisioning": [],
                "upgrade_settings": [
                  {
                    "blue_green_settings": [],
                    "max_surge": 1,
                    "max_unavailable": 0,
                    "strategy": "SURGE"
                  }
                ],
                "version": "1.33.5-gke.1308000"
              },
              {
                "autoscaling": [
                  {
                    "location_policy": "BALANCED",
                    "max_node_count": 1000,
                    "min_node_count": 0,
                    "total_max_node_count": 0,
                    "total_min_node_count": 0
                  }
                ],
                "initial_node_count": 0,
                "instance_group_urls": [],
                "managed_instance_group_urls": [],
                "management": [
                  {
                    "auto_repair": true,
                    "auto_upgrade": true
                  }
                ],
                "max_pods_per_node": 32,
                "name": "pool-9",
                "name_prefix": "",
                "network_config": [
                  {
                    "additional_node_network_configs": [],
                    "additional_pod_network_configs": [],
                    "create_pod_range": false,
                    "enable_private_nodes": false,
                    "network_performance_config": [],
                    "pod_cidr_overprovision_config": [],
                    "pod_ipv4_cidr_block": "10.57.0.0/17",
                    "pod_range": "gke-gke-autopilot-pods-afd1f622",
                    "subnetwork": "projects/tp-final-gke-martin/regions/europe-west1/subnetworks/default"
                  }
                ],
                "node_config": [
                  {
                    "advanced_machine_features": [],
                    "boot_disk": [
                      {
                        "disk_type": "pd-balanced",
                        "provisioned_iops": 0,
                        "provisioned_throughput": 0,
                        "size_gb": 100
                      }
                    ],
                    "boot_disk_kms_key": "",
                    "confidential_nodes": [],
                    "containerd_config": [],
                    "disk_size_gb": 100,
                    "disk_type": "pd-balanced",
                    "effective_taints": [],
                    "enable_confidential_storage": false,
                    "ephemeral_storage_local_ssd_config": [],
                    "fast_socket": [],
                    "flex_start": false,
                    "gcfs_config": [],
                    "guest_accelerator": [],
                    "gvnic": [
                      {
                        "enabled": true
                      }
                    ],
                    "host_maintenance_policy": [],
                    "image_type": "COS_CONTAINERD",
                    "kubelet_config": [
                      {
                        "allowed_unsafe_sysctls": [],
                        "container_log_max_files": 0,
                        "container_log_max_size": "",
                        "cpu_cfs_quota": false,
                        "cpu_cfs_quota_period": "",
                        "cpu_manager_policy": "",
                        "eviction_max_pod_grace_period_seconds": 0,
                        "eviction_minimum_reclaim": [],
                        "eviction_soft": [],
                        "eviction_soft_grace_period": [],
                        "image_gc_high_threshold_percent": 0,
                        "image_gc_low_threshold_percent": 0,
                        "image_maximum_gc_age": "",
                        "image_minimum_gc_age": "",
                        "insecure_kubelet_readonly_port_enabled": "FALSE",
                        "max_parallel_image_pulls": 2,
                        "memory_manager": [],
                        "pod_pids_limit": 0,
                        "single_process_oom_kill": false,
                        "topology_manager": []
                      }
                    ],
                    "labels": {},
                    "linux_node_config": [],
                    "local_nvme_ssd_block_config": [],
                    "local_ssd_count": 0,
                    "local_ssd_encryption_mode": "",
                    "logging_variant": "DEFAULT",
                    "machine_type": "e2-standard-32",
                    "max_run_duration": "",
                    "metadata": {
                      "disable-legacy-endpoints": "true"
                    },
                    "min_cpu_platform": "",
                    "node_group": "",
                    "oauth_scopes": [
                      "https://www.googleapis.com/auth/devstorage.read_only",
                      "https://www.googleapis.com/auth/logging.write",
                      "https://www.googleapis.com/auth/monitoring",
                      "https://www.googleapis.com/auth/service.management.readonly",
                      "https://www.googleapis.com/auth/servicecontrol",
                      "https://www.googleapis.com/auth/trace.append"
                    ],
                    "preemptible": false,
                    "reservation_affinity": [
                      {
                        "consume_reservation_type": "NO_RESERVATION",
                        "key": "",
                        "values": []
                      }
                    ],
                    "resource_labels": {
                      "goog-gke-node-pool-provisioning-model": "on-demand"
                    },
                    "resource_manager_tags": {},
                    "secondary_boot_disks": [],
                    "service_account": "default",
                    "shielded_instance_config": [
                      {
                        "enable_integrity_monitoring": true,
                        "enable_secure_boot": true
                      }
                    ],
                    "sole_tenant_config": [],
                    "spot": false,
                    "storage_pools": [],
                    "tags": [],
                    "taint": [],
                    "windows_node_config": [
                      {
                        "osversion": ""
                      }
                    ],
                    "workload_metadata_config": [
                      {
                        "mode": "GKE_METADATA"
                      }
                    ]
                  }
                ],
                "node_count": 0,
                "node_locations": [
                  "europe-west1-b",
                  "europe-west1-c",
                  "europe-west1-d"
                ],
                "placement_policy": [],
                "queued_provisioning": [],
                "upgrade_settings": [
                  {
                    "blue_green_settings": [],
                    "max_surge": 1,
                    "max_unavailable": 0,
                    "strategy": "SURGE"
                  }
                ],
                "version": "1.33.5-gke.1308000"
              }
            ],
            "node_pool_auto_config": [
              {
                "linux_node_config": [],
                "network_tags": [],
                "node_kubelet_config": [
                  {
                    "insecure_kubelet_readonly_port_enabled": "FALSE"
                  }
                ],
                "resource_manager_tags": {}
              }
            ],
            "node_pool_defaults": [
              {
                "node_config_defaults": [
                  {
                    "containerd_config": [],
                    "gcfs_config": [
                      {
                        "enabled": true
                      }
                    ],
                    "insecure_kubelet_readonly_port_enabled": "FALSE",
                    "logging_variant": "DEFAULT"
                  }
                ]
              }
            ],
            "node_version": "1.33.5-gke.1308000",
            "notification_config": [
              {
                "pubsub": [
                  {
                    "enabled": false,
                    "filter": [],
                    "topic": ""
                  }
                ]
              }
            ],
            "operation": null,
            "pod_autoscaling": [
              {
                "hpa_profile": "PERFORMANCE"
              }
            ],
            "private_cluster_config": [
              {
                "enable_private_endpoint": false,
                "enable_private_nodes": false,
                "master_global_access_config": [
                  {
                    "enabled": false
                  }
                ],
                "master_ipv4_cidr_block": "",
                "peering_name": "",
                "private_endpoint": "10.132.0.2",
                "private_endpoint_subnetwork": "",
                "public_endpoint": "35.205.245.178"
              }
            ],
            "private_ipv6_google_access": "",
            "project": "tp-final-gke-martin",
            "rbac_binding_config": [
              {
                "enable_insecure_binding_system_authenticated": false,
                "enable_insecure_binding_system_unauthenticated": false
              }
            ],
            "release_channel": [
              {
                "channel": "REGULAR"
              }
            ],
            "remove_default_node_pool": null,
            "resource_labels": {},
            "resource_usage_export_config": [],
            "secret_manager_config": [
              {
                "enabled": false,
                "rotation_config": []
              }
            ],
            "security_posture_config": [
              {
                "mode": "BASIC",
                "vulnerability_mode": "VULNERABILITY_MODE_UNSPECIFIED"
              }
            ],
            "self_link": "https://container.googleapis.com/v1/projects/tp-final-gke-martin/locations/europe-west1/clusters/gke-autopilot",
            "service_external_ips_config": [
              {
                "enabled": false
              }
            ],
            "services_ipv4_cidr": "34.118.224.0/20",
            "subnetwork": "projects/tp-final-gke-martin/regions/europe-west1/subnetworks/default",
            "terraform_labels": {
              "goog-terraform-provisioned": "true"
            },
            "timeouts": null,
            "tpu_ipv4_cidr_block": "",
            "user_managed_keys_config": [],
            "vertical_pod_autoscaling": [
              {
                "enabled": true
              }
            ],
            "workload_identity_config": [
              {
                "workload_pool": "tp-final-gke-martin.svc.id.goog"
              }
            ]
          },
          "sensitive_attributes": [
            [
              {
                "type": "get_attr",
                "value": "master_auth"
              },
              {
                "type": "index",
                "value": {
                  "value": 0,
                  "type": "number"
                }
              },
              {
                "type": "get_attr",
                "value": "client_key"
              }
            ]
          ],
          "identity_schema_version": 0,
          "private": "eyJlMmJmYjczMC1lY2FhLTExZTYtOGY4OC0zNDM2M2JjN2M0YzAiOnsiY3JlYXRlIjoyNDAwMDAwMDAwMDAwLCJkZWxldGUiOjI0MDAwMDAwMDAwMDAsInJlYWQiOjI0MDAwMDAwMDAwMDAsInVwZGF0ZSI6MzYwMDAwMDAwMDAwMH0sInNjaGVtYV92ZXJzaW9uIjoiMiJ9"
        }
      ]
    },
    {
      "mode": "managed",
      "type": "google_project_iam_member",
      "name": "roles",
      "provider": "provider[\"registry.terraform.io/hashicorp/google\"]",
      "instances": [
        {
          "index_key": "roles/artifactregistry.admin",
          "schema_version": 0,
          "attributes": {
            "condition": [],
            "etag": "BwZF+pvogKM=",
            "id": "tp-final-gke-martin/roles/artifactregistry.admin/serviceAccount:gke-service-account@tp-final-gke-martin.iam.gserviceaccount.com",
            "member": "serviceAccount:gke-service-account@tp-final-gke-martin.iam.gserviceaccount.com",
            "project": "tp-final-gke-martin",
            "role": "roles/artifactregistry.admin"
          },
          "sensitive_attributes": [],
          "identity_schema_version": 0,
          "private": "bnVsbA==",
          "dependencies": [
            "google_service_account.gke_sa"
          ]
        },
        {
          "index_key": "roles/container.admin",
          "schema_version": 0,
          "attributes": {
            "condition": [],
            "etag": "BwZF+pvogKM=",
            "id": "tp-final-gke-martin/roles/container.admin/serviceAccount:gke-service-account@tp-final-gke-martin.iam.gserviceaccount.com",
            "member": "serviceAccount:gke-service-account@tp-final-gke-martin.iam.gserviceaccount.com",
            "project": "tp-final-gke-martin",
            "role": "roles/container.admin"
          },
          "sensitive_attributes": [],
          "identity_schema_version": 0,
          "private": "bnVsbA==",
          "dependencies": [
            "google_service_account.gke_sa"
          ]
        },
        {
          "index_key": "roles/iam.serviceAccountUser",
          "schema_version": 0,
          "attributes": {
            "condition": [],
            "etag": "BwZF+pvogKM=",
            "id": "tp-final-gke-martin/roles/iam.serviceAccountUser/serviceAccount:gke-service-account@tp-final-gke-martin.iam.gserviceaccount.com",
            "member": "serviceAccount:gke-service-account@tp-final-gke-martin.iam.gserviceaccount.com",
            "project": "tp-final-gke-martin",
            "role": "roles/iam.serviceAccountUser"
          },
          "sensitive_attributes": [],
          "identity_schema_version": 0,
          "private": "bnVsbA==",
          "dependencies": [
            "google_service_account.gke_sa"
          ]
        }
      ]
    },
    {
      "mode": "managed",
      "type": "google_service_account",
      "name": "gke_sa",
      "provider": "provider[\"registry.terraform.io/hashicorp/google\"]",
      "instances": [
        {
          "schema_version": 0,
          "attributes": {
            "account_id": "gke-service-account",
            "create_ignore_already_exists": null,
            "description": "",
            "disabled": false,
            "display_name": "GKE Service Account",
            "email": "gke-service-account@tp-final-gke-martin.iam.gserviceaccount.com",
            "id": "projects/tp-final-gke-martin/serviceAccounts/gke-service-account@tp-final-gke-martin.iam.gserviceaccount.com",
            "member": "serviceAccount:gke-service-account@tp-final-gke-martin.iam.gserviceaccount.com",
            "name": "projects/tp-final-gke-martin/serviceAccounts/gke-service-account@tp-final-gke-martin.iam.gserviceaccount.com",
            "project": "tp-final-gke-martin",
            "timeouts": null,
            "unique_id": "109205256191991918750"
          },
          "sensitive_attributes": [],
          "identity_schema_version": 0,
          "private": "eyJlMmJmYjczMC1lY2FhLTExZTYtOGY4OC0zNDM2M2JjN2M0YzAiOnsiY3JlYXRlIjozMDAwMDAwMDAwMDB9fQ=="
        }
      ]
    }
  ],
  "check_results": null
}
